
Microsoft Visual Studio Solution File, Format Version 12.00
# Visual Studio 2013
VisualStudioVersion = 12.0.31101.0
MinimumVisualStudioVersion = 10.0.40219.1
Project("{2150E333-8FDC-42A3-9474-1A3956D46DE8}") = "Solution Items", "Solution Items", "{35DBA334-573E-4327-8489-644F6B335126}"
	ProjectSection(SolutionItems) = preProject
		BIMetaDataApp.vsmdi = BIMetaDataApp.vsmdi
		Local.testsettings = Local.testsettings
		SQL\SSIS_Meta_creation.sql = SQL\SSIS_Meta_creation.sql
		SQL\SSIS_Meta_creation_2005.sql = SQL\SSIS_Meta_creation_2005.sql
		TraceAndTestImpact.testsettings = TraceAndTestImpact.testsettings
	EndProjectSection
EndProject
Project("{FAE04EC0-301F-11D3-BF4B-00C04F79EFBC}") = "DependencyAnalyzer2005", "DependencyAnalyzer2005\DependencyAnalyzer2005.csproj", "{CD22957B-1D80-4041-9F57-7F84E69786D2}"
EndProject
Project("{FAE04EC0-301F-11D3-BF4B-00C04F79EFBC}") = "DependencyAnalyzer2008", "DependencyAnalyzer2008\DependencyAnalyzer2008.csproj", "{CD22957B-1D80-4041-9F57-7F84E69786D3}"
	ProjectSection(ProjectDependencies) = postProject
		{CA0FDA81-289A-4A09-973F-4D7DAC7455AA} = {CA0FDA81-289A-4A09-973F-4D7DAC7455AA}
	EndProjectSection
EndProject
Project("{FAE04EC0-301F-11D3-BF4B-00C04F79EFBC}") = "TSQLParser", "TSQLParser\TSQLParser.csproj", "{CA0FDA81-289A-4A09-973F-4D7DAC7455AA}"
EndProject
Project("{FAE04EC0-301F-11D3-BF4B-00C04F79EFBC}") = "DependencyExecutor", "DependencyExecutor\DependencyExecutor.csproj", "{509B2E77-2895-488B-8973-74A284D1D2AF}"
EndProject
Project("{FAE04EC0-301F-11D3-BF4B-00C04F79EFBC}") = "DependencyViewer", "DependencyViewer\DependencyViewer.csproj", "{2DDCE6A2-A784-4A66-900F-7485DFCEEFD6}"
EndProject
Project("{FAE04EC0-301F-11D3-BF4B-00C04F79EFBC}") = "TestParser", "TestParser\TestParser.csproj", "{F79C6731-CBCE-46C1-A309-23205140813C}"
EndProject
Project("{FAE04EC0-301F-11D3-BF4B-00C04F79EFBC}") = "TestTSQLParser", "TestTSQLParser\TestTSQLParser.csproj", "{BC92B8A2-29E6-46D1-A61E-77BFF395439D}"
EndProject
Project("{FAE04EC0-301F-11D3-BF4B-00C04F79EFBC}") = "DependencyAnalyzer2012", "DependencyAnalyzer2012\DependencyAnalyzer2012.csproj", "{977DF49F-9D2B-4671-94E4-E483CC03D933}"
EndProject
Project("{FAE04EC0-301F-11D3-BF4B-00C04F79EFBC}") = "Drawing", "DrawingAndGraphViewerGdi\Drawing\Drawing.csproj", "{C205AC5B-1FF7-434F-9DD7-E40C16EABCC3}"
EndProject
Project("{FAE04EC0-301F-11D3-BF4B-00C04F79EFBC}") = "GraphViewerGDI", "DrawingAndGraphViewerGdi\GraphViewerGdi\GraphViewerGDI.csproj", "{5A0DA990-F31C-463E-B58F-1E6BF1996234}"
EndProject
Project("{930C7802-8A8C-48F9-8165-68863BCCD9DD}") = "SQLMetaDataToolkitInstaller", "SQLMetaDataToolkitInstaller\SQLMetaDataToolkitInstaller.wixproj", "{8274354A-C71C-48E3-8368-F9DC6620A92D}"
EndProject
Project("{FAE04EC0-301F-11D3-BF4B-00C04F79EFBC}") = "DependencyAnalyzer2014", "DependencyAnalyzer2014\DependencyAnalyzer2014.csproj", "{BAFC66B7-6BE8-4CC3-AFFA-811DEBF38C4F}"
EndProject
Project("{F14B399A-7131-4C87-9E4B-1186C45EF12D}") = "Reports", "Reports\Reports.rptproj", "{D1F0156C-34F2-472C-9493-618652BC19BE}"
EndProject
Global
	GlobalSection(TeamFoundationVersionControl) = preSolution
		SccNumberOfProjects = 14
		SccEnterpriseProvider = {4CA58AB2-18FA-4F8D-95D4-32DDF27D184C}
		SccTeamFoundationServer = https://tfs.codeplex.com/tfs/tfs04
		SccLocalPath0 = .
		SccProjectUniqueName1 = DependencyAnalyzer2005\\DependencyAnalyzer2005.csproj
		SccProjectName1 = DependencyAnalyzer2005
		SccLocalPath1 = DependencyAnalyzer2005
		SccProjectUniqueName2 = DependencyAnalyzer2008\\DependencyAnalyzer2008.csproj
		SccProjectName2 = DependencyAnalyzer2008
		SccLocalPath2 = DependencyAnalyzer2008
		SccProjectUniqueName3 = TSQLParser\\TSQLParser.csproj
		SccProjectName3 = TSQLParser
		SccLocalPath3 = TSQLParser
		SccProjectUniqueName4 = DependencyExecutor\\DependencyExecutor.csproj
		SccProjectName4 = DependencyExecutor
		SccLocalPath4 = DependencyExecutor
		SccProjectUniqueName5 = DependencyViewer\\DependencyViewer.csproj
		SccProjectName5 = DependencyViewer
		SccLocalPath5 = DependencyViewer
		SccProjectUniqueName6 = TestParser\\TestParser.csproj
		SccProjectName6 = TestParser
		SccLocalPath6 = TestParser
		SccProjectUniqueName7 = TestTSQLParser\\TestTSQLParser.csproj
		SccProjectName7 = TestTSQLParser
		SccLocalPath7 = TestTSQLParser
		SccProjectUniqueName8 = DependencyAnalyzer2012\\DependencyAnalyzer2012.csproj
		SccProjectName8 = DependencyAnalyzer2012
		SccLocalPath8 = DependencyAnalyzer2012
		SccProjectUniqueName9 = DrawingAndGraphViewerGdi\\Drawing\\Drawing.csproj
		SccProjectName9 = DrawingAndGraphViewerGdi/Drawing
		SccLocalPath9 = DrawingAndGraphViewerGdi\\Drawing
		SccProjectUniqueName10 = DrawingAndGraphViewerGdi\\GraphViewerGdi\\GraphViewerGDI.csproj
		SccProjectName10 = DrawingAndGraphViewerGdi/GraphViewerGdi
		SccLocalPath10 = DrawingAndGraphViewerGdi\\GraphViewerGdi
		SccProjectUniqueName11 = SQLMetaDataToolkitInstaller\\SQLMetaDataToolkitInstaller.wixproj
		SccProjectName11 = SQLMetaDataToolkitInstaller
		SccLocalPath11 = SQLMetaDataToolkitInstaller
		SccProjectUniqueName12 = DependencyAnalyzer2014\\DependencyAnalyzer2014.csproj
		SccProjectName12 = DependencyAnalyzer2014
		SccLocalPath12 = DependencyAnalyzer2014
		SccProjectUniqueName13 = Reports\\Reports.rptproj
		SccProjectName13 = Reports
		SccLocalPath13 = Reports
	EndGlobalSection
	GlobalSection(SolutionConfigurationPlatforms) = preSolution
		Debug|Any CPU = Debug|Any CPU
		Debug|Mixed Platforms = Debug|Mixed Platforms
		Debug|x86 = Debug|x86
		DebugLocal|Any CPU = DebugLocal|Any CPU
		DebugLocal|Mixed Platforms = DebugLocal|Mixed Platforms
		DebugLocal|x86 = DebugLocal|x86
		Production|Any CPU = Production|Any CPU
		Production|Mixed Platforms = Production|Mixed Platforms
		Production|x86 = Production|x86
		Release|Any CPU = Release|Any CPU
		Release|Mixed Platforms = Release|Mixed Platforms
		Release|x86 = Release|x86
	EndGlobalSection
	GlobalSection(ProjectConfigurationPlatforms) = postSolution
		{CD22957B-1D80-4041-9F57-7F84E69786D2}.Debug|Any CPU.ActiveCfg = Debug|Any CPU
		{CD22957B-1D80-4041-9F57-7F84E69786D2}.Debug|Any CPU.Build.0 = Debug|Any CPU
		{CD22957B-1D80-4041-9F57-7F84E69786D2}.Debug|Mixed Platforms.ActiveCfg = Debug|Any CPU
		{CD22957B-1D80-4041-9F57-7F84E69786D2}.Debug|Mixed Platforms.Build.0 = Debug|Any CPU
		{CD22957B-1D80-4041-9F57-7F84E69786D2}.Debug|x86.ActiveCfg = Debug|Any CPU
		{CD22957B-1D80-4041-9F57-7F84E69786D2}.DebugLocal|Any CPU.ActiveCfg = Debug|Any CPU
		{CD22957B-1D80-4041-9F57-7F84E69786D2}.DebugLocal|Any CPU.Build.0 = Debug|Any CPU
		{CD22957B-1D80-4041-9F57-7F84E69786D2}.DebugLocal|Mixed Platforms.ActiveCfg = Debug|Any CPU
		{CD22957B-1D80-4041-9F57-7F84E69786D2}.DebugLocal|Mixed Platforms.Build.0 = Debug|Any CPU
		{CD22957B-1D80-4041-9F57-7F84E69786D2}.DebugLocal|x86.ActiveCfg = Debug|Any CPU
		{CD22957B-1D80-4041-9F57-7F84E69786D2}.Production|Any CPU.ActiveCfg = Release|Any CPU
		{CD22957B-1D80-4041-9F57-7F84E69786D2}.Production|Any CPU.Build.0 = Release|Any CPU
		{CD22957B-1D80-4041-9F57-7F84E69786D2}.Production|Mixed Platforms.ActiveCfg = Release|Any CPU
		{CD22957B-1D80-4041-9F57-7F84E69786D2}.Production|Mixed Platforms.Build.0 = Release|Any CPU
		{CD22957B-1D80-4041-9F57-7F84E69786D2}.Production|x86.ActiveCfg = Release|Any CPU
		{CD22957B-1D80-4041-9F57-7F84E69786D2}.Release|Any CPU.ActiveCfg = Release|Any CPU
		{CD22957B-1D80-4041-9F57-7F84E69786D2}.Release|Any CPU.Build.0 = Release|Any CPU
		{CD22957B-1D80-4041-9F57-7F84E69786D2}.Release|Mixed Platforms.ActiveCfg = Release|Any CPU
		{CD22957B-1D80-4041-9F57-7F84E69786D2}.Release|Mixed Platforms.Build.0 = Release|Any CPU
		{CD22957B-1D80-4041-9F57-7F84E69786D2}.Release|x86.ActiveCfg = Release|Any CPU
		{CD22957B-1D80-4041-9F57-7F84E69786D3}.Debug|Any CPU.ActiveCfg = Debug|Any CPU
		{CD22957B-1D80-4041-9F57-7F84E69786D3}.Debug|Any CPU.Build.0 = Debug|Any CPU
		{CD22957B-1D80-4041-9F57-7F84E69786D3}.Debug|Mixed Platforms.ActiveCfg = Debug|Any CPU
		{CD22957B-1D80-4041-9F57-7F84E69786D3}.Debug|Mixed Platforms.Build.0 = Debug|Any CPU
		{CD22957B-1D80-4041-9F57-7F84E69786D3}.Debug|x86.ActiveCfg = Debug|Any CPU
		{CD22957B-1D80-4041-9F57-7F84E69786D3}.DebugLocal|Any CPU.ActiveCfg = Debug|Any CPU
		{CD22957B-1D80-4041-9F57-7F84E69786D3}.DebugLocal|Any CPU.Build.0 = Debug|Any CPU
		{CD22957B-1D80-4041-9F57-7F84E69786D3}.DebugLocal|Mixed Platforms.ActiveCfg = Debug|Any CPU
		{CD22957B-1D80-4041-9F57-7F84E69786D3}.DebugLocal|Mixed Platforms.Build.0 = Debug|Any CPU
		{CD22957B-1D80-4041-9F57-7F84E69786D3}.DebugLocal|x86.ActiveCfg = Debug|Any CPU
		{CD22957B-1D80-4041-9F57-7F84E69786D3}.Production|Any CPU.ActiveCfg = Release|Any CPU
		{CD22957B-1D80-4041-9F57-7F84E69786D3}.Production|Any CPU.Build.0 = Release|Any CPU
		{CD22957B-1D80-4041-9F57-7F84E69786D3}.Production|Mixed Platforms.ActiveCfg = Release|Any CPU
		{CD22957B-1D80-4041-9F57-7F84E69786D3}.Production|Mixed Platforms.Build.0 = Release|Any CPU
		{CD22957B-1D80-4041-9F57-7F84E69786D3}.Production|x86.ActiveCfg = Release|Any CPU
		{CD22957B-1D80-4041-9F57-7F84E69786D3}.Release|Any CPU.ActiveCfg = Release|Any CPU
		{CD22957B-1D80-4041-9F57-7F84E69786D3}.Release|Any CPU.Build.0 = Release|Any CPU
		{CD22957B-1D80-4041-9F57-7F84E69786D3}.Release|Mixed Platforms.ActiveCfg = Release|Any CPU
		{CD22957B-1D80-4041-9F57-7F84E69786D3}.Release|Mixed Platforms.Build.0 = Release|Any CPU
		{CD22957B-1D80-4041-9F57-7F84E69786D3}.Release|x86.ActiveCfg = Release|Any CPU
		{CA0FDA81-289A-4A09-973F-4D7DAC7455AA}.Debug|Any CPU.ActiveCfg = Debug|Any CPU
		{CA0FDA81-289A-4A09-973F-4D7DAC7455AA}.Debug|Any CPU.Build.0 = Debug|Any CPU
		{CA0FDA81-289A-4A09-973F-4D7DAC7455AA}.Debug|Mixed Platforms.ActiveCfg = Debug|Any CPU
		{CA0FDA81-289A-4A09-973F-4D7DAC7455AA}.Debug|Mixed Platforms.Build.0 = Debug|Any CPU
		{CA0FDA81-289A-4A09-973F-4D7DAC7455AA}.Debug|x86.ActiveCfg = Debug|Any CPU
		{CA0FDA81-289A-4A09-973F-4D7DAC7455AA}.DebugLocal|Any CPU.ActiveCfg = Debug|Any CPU
		{CA0FDA81-289A-4A09-973F-4D7DAC7455AA}.DebugLocal|Any CPU.Build.0 = Debug|Any CPU
		{CA0FDA81-289A-4A09-973F-4D7DAC7455AA}.DebugLocal|Mixed Platforms.ActiveCfg = Debug|Any CPU
		{CA0FDA81-289A-4A09-973F-4D7DAC7455AA}.DebugLocal|Mixed Platforms.Build.0 = Debug|Any CPU
		{CA0FDA81-289A-4A09-973F-4D7DAC7455AA}.DebugLocal|x86.ActiveCfg = Debug|Any CPU
		{CA0FDA81-289A-4A09-973F-4D7DAC7455AA}.Production|Any CPU.ActiveCfg = Release|Any CPU
		{CA0FDA81-289A-4A09-973F-4D7DAC7455AA}.Production|Any CPU.Build.0 = Release|Any CPU
		{CA0FDA81-289A-4A09-973F-4D7DAC7455AA}.Production|Mixed Platforms.ActiveCfg = Release|Any CPU
		{CA0FDA81-289A-4A09-973F-4D7DAC7455AA}.Production|Mixed Platforms.Build.0 = Release|Any CPU
		{CA0FDA81-289A-4A09-973F-4D7DAC7455AA}.Production|x86.ActiveCfg = Release|Any CPU
		{CA0FDA81-289A-4A09-973F-4D7DAC7455AA}.Release|Any CPU.ActiveCfg = Release|Any CPU
		{CA0FDA81-289A-4A09-973F-4D7DAC7455AA}.Release|Any CPU.Build.0 = Release|Any CPU
		{CA0FDA81-289A-4A09-973F-4D7DAC7455AA}.Release|Mixed Platforms.ActiveCfg = Release|Any CPU
		{CA0FDA81-289A-4A09-973F-4D7DAC7455AA}.Release|Mixed Platforms.Build.0 = Release|Any CPU
		{CA0FDA81-289A-4A09-973F-4D7DAC7455AA}.Release|x86.ActiveCfg = Release|Any CPU
		{509B2E77-2895-488B-8973-74A284D1D2AF}.Debug|Any CPU.ActiveCfg = Debug|x86
		{509B2E77-2895-488B-8973-74A284D1D2AF}.Debug|Any CPU.Build.0 = Debug|x86
		{509B2E77-2895-488B-8973-74A284D1D2AF}.Debug|Mixed Platforms.ActiveCfg = Debug|x86
		{509B2E77-2895-488B-8973-74A284D1D2AF}.Debug|Mixed Platforms.Build.0 = Debug|x86
		{509B2E77-2895-488B-8973-74A284D1D2AF}.Debug|x86.ActiveCfg = Debug|x86
		{509B2E77-2895-488B-8973-74A284D1D2AF}.Debug|x86.Build.0 = Debug|x86
		{509B2E77-2895-488B-8973-74A284D1D2AF}.DebugLocal|Any CPU.ActiveCfg = Debug|x86
		{509B2E77-2895-488B-8973-74A284D1D2AF}.DebugLocal|Mixed Platforms.ActiveCfg = Debug|x86
		{509B2E77-2895-488B-8973-74A284D1D2AF}.DebugLocal|Mixed Platforms.Build.0 = Debug|x86
		{509B2E77-2895-488B-8973-74A284D1D2AF}.DebugLocal|x86.ActiveCfg = Debug|x86
		{509B2E77-2895-488B-8973-74A284D1D2AF}.DebugLocal|x86.Build.0 = Debug|x86
		{509B2E77-2895-488B-8973-74A284D1D2AF}.Production|Any CPU.ActiveCfg = Release|x86
		{509B2E77-2895-488B-8973-74A284D1D2AF}.Production|Mixed Platforms.ActiveCfg = Release|x86
		{509B2E77-2895-488B-8973-74A284D1D2AF}.Production|Mixed Platforms.Build.0 = Release|x86
		{509B2E77-2895-488B-8973-74A284D1D2AF}.Production|x86.ActiveCfg = Release|x86
		{509B2E77-2895-488B-8973-74A284D1D2AF}.Production|x86.Build.0 = Release|x86
		{509B2E77-2895-488B-8973-74A284D1D2AF}.Release|Any CPU.ActiveCfg = Release|x86
		{509B2E77-2895-488B-8973-74A284D1D2AF}.Release|Mixed Platforms.ActiveCfg = Release|x86
		{509B2E77-2895-488B-8973-74A284D1D2AF}.Release|Mixed Platforms.Build.0 = Release|x86
		{509B2E77-2895-488B-8973-74A284D1D2AF}.Release|x86.ActiveCfg = Release|x86
		{509B2E77-2895-488B-8973-74A284D1D2AF}.Release|x86.Build.0 = Release|x86
		{2DDCE6A2-A784-4A66-900F-7485DFCEEFD6}.Debug|Any CPU.ActiveCfg = Debug|x86
		{2DDCE6A2-A784-4A66-900F-7485DFCEEFD6}.Debug|Mixed Platforms.ActiveCfg = Debug|x86
		{2DDCE6A2-A784-4A66-900F-7485DFCEEFD6}.Debug|Mixed Platforms.Build.0 = Debug|x86
		{2DDCE6A2-A784-4A66-900F-7485DFCEEFD6}.Debug|x86.ActiveCfg = Debug|x86
		{2DDCE6A2-A784-4A66-900F-7485DFCEEFD6}.Debug|x86.Build.0 = Debug|x86
		{2DDCE6A2-A784-4A66-900F-7485DFCEEFD6}.DebugLocal|Any CPU.ActiveCfg = Debug|x86
		{2DDCE6A2-A784-4A66-900F-7485DFCEEFD6}.DebugLocal|Mixed Platforms.ActiveCfg = Debug|x86
		{2DDCE6A2-A784-4A66-900F-7485DFCEEFD6}.DebugLocal|Mixed Platforms.Build.0 = Debug|x86
		{2DDCE6A2-A784-4A66-900F-7485DFCEEFD6}.DebugLocal|x86.ActiveCfg = Debug|x86
		{2DDCE6A2-A784-4A66-900F-7485DFCEEFD6}.DebugLocal|x86.Build.0 = Debug|x86
		{2DDCE6A2-A784-4A66-900F-7485DFCEEFD6}.Production|Any CPU.ActiveCfg = Release|x86
		{2DDCE6A2-A784-4A66-900F-7485DFCEEFD6}.Production|Mixed Platforms.ActiveCfg = Release|x86
		{2DDCE6A2-A784-4A66-900F-7485DFCEEFD6}.Production|Mixed Platforms.Build.0 = Release|x86
		{2DDCE6A2-A784-4A66-900F-7485DFCEEFD6}.Production|x86.ActiveCfg = Release|x86
		{2DDCE6A2-A784-4A66-900F-7485DFCEEFD6}.Production|x86.Build.0 = Release|x86
		{2DDCE6A2-A784-4A66-900F-7485DFCEEFD6}.Release|Any CPU.ActiveCfg = Release|x86
		{2DDCE6A2-A784-4A66-900F-7485DFCEEFD6}.Release|Mixed Platforms.ActiveCfg = Release|x86
		{2DDCE6A2-A784-4A66-900F-7485DFCEEFD6}.Release|Mixed Platforms.Build.0 = Release|x86
		{2DDCE6A2-A784-4A66-900F-7485DFCEEFD6}.Release|x86.ActiveCfg = Release|x86
		{2DDCE6A2-A784-4A66-900F-7485DFCEEFD6}.Release|x86.Build.0 = Release|x86
		{F79C6731-CBCE-46C1-A309-23205140813C}.Debug|Any CPU.ActiveCfg = Debug|x86
		{F79C6731-CBCE-46C1-A309-23205140813C}.Debug|Mixed Platforms.ActiveCfg = Debug|x86
		{F79C6731-CBCE-46C1-A309-23205140813C}.Debug|Mixed Platforms.Build.0 = Debug|x86
		{F79C6731-CBCE-46C1-A309-23205140813C}.Debug|x86.ActiveCfg = Debug|x86
		{F79C6731-CBCE-46C1-A309-23205140813C}.Debug|x86.Build.0 = Debug|x86
		{F79C6731-CBCE-46C1-A309-23205140813C}.DebugLocal|Any CPU.ActiveCfg = Debug|x86
		{F79C6731-CBCE-46C1-A309-23205140813C}.DebugLocal|Mixed Platforms.ActiveCfg = Debug|x86
		{F79C6731-CBCE-46C1-A309-23205140813C}.DebugLocal|Mixed Platforms.Build.0 = Debug|x86
		{F79C6731-CBCE-46C1-A309-23205140813C}.DebugLocal|x86.ActiveCfg = Debug|x86
		{F79C6731-CBCE-46C1-A309-23205140813C}.DebugLocal|x86.Build.0 = Debug|x86
		{F79C6731-CBCE-46C1-A309-23205140813C}.Production|Any CPU.ActiveCfg = Release|x86
		{F79C6731-CBCE-46C1-A309-23205140813C}.Production|Mixed Platforms.ActiveCfg = Release|x86
		{F79C6731-CBCE-46C1-A309-23205140813C}.Production|Mixed Platforms.Build.0 = Release|x86
		{F79C6731-CBCE-46C1-A309-23205140813C}.Production|x86.ActiveCfg = Release|x86
		{F79C6731-CBCE-46C1-A309-23205140813C}.Production|x86.Build.0 = Release|x86
		{F79C6731-CBCE-46C1-A309-23205140813C}.Release|Any CPU.ActiveCfg = Release|x86
		{F79C6731-CBCE-46C1-A309-23205140813C}.Release|Mixed Platforms.ActiveCfg = Release|x86
		{F79C6731-CBCE-46C1-A309-23205140813C}.Release|Mixed Platforms.Build.0 = Release|x86
		{F79C6731-CBCE-46C1-A309-23205140813C}.Release|x86.ActiveCfg = Release|x86
		{F79C6731-CBCE-46C1-A309-23205140813C}.Release|x86.Build.0 = Release|x86
		{BC92B8A2-29E6-46D1-A61E-77BFF395439D}.Debug|Any CPU.ActiveCfg = Debug|Any CPU
		{BC92B8A2-29E6-46D1-A61E-77BFF395439D}.Debug|Any CPU.Build.0 = Debug|Any CPU
		{BC92B8A2-29E6-46D1-A61E-77BFF395439D}.Debug|Mixed Platforms.ActiveCfg = Debug|Any CPU
		{BC92B8A2-29E6-46D1-A61E-77BFF395439D}.Debug|Mixed Platforms.Build.0 = Debug|Any CPU
		{BC92B8A2-29E6-46D1-A61E-77BFF395439D}.Debug|x86.ActiveCfg = Debug|Any CPU
		{BC92B8A2-29E6-46D1-A61E-77BFF395439D}.DebugLocal|Any CPU.ActiveCfg = Debug|Any CPU
		{BC92B8A2-29E6-46D1-A61E-77BFF395439D}.DebugLocal|Any CPU.Build.0 = Debug|Any CPU
		{BC92B8A2-29E6-46D1-A61E-77BFF395439D}.DebugLocal|Mixed Platforms.ActiveCfg = Debug|Any CPU
		{BC92B8A2-29E6-46D1-A61E-77BFF395439D}.DebugLocal|Mixed Platforms.Build.0 = Debug|Any CPU
		{BC92B8A2-29E6-46D1-A61E-77BFF395439D}.DebugLocal|x86.ActiveCfg = Debug|Any CPU
		{BC92B8A2-29E6-46D1-A61E-77BFF395439D}.Production|Any CPU.ActiveCfg = Release|Any CPU
		{BC92B8A2-29E6-46D1-A61E-77BFF395439D}.Production|Any CPU.Build.0 = Release|Any CPU
		{BC92B8A2-29E6-46D1-A61E-77BFF395439D}.Production|Mixed Platforms.ActiveCfg = Release|Any CPU
		{BC92B8A2-29E6-46D1-A61E-77BFF395439D}.Production|Mixed Platforms.Build.0 = Release|Any CPU
		{BC92B8A2-29E6-46D1-A61E-77BFF395439D}.Production|x86.ActiveCfg = Release|Any CPU
		{BC92B8A2-29E6-46D1-A61E-77BFF395439D}.Release|Any CPU.ActiveCfg = Release|Any CPU
		{BC92B8A2-29E6-46D1-A61E-77BFF395439D}.Release|Any CPU.Build.0 = Release|Any CPU
		{BC92B8A2-29E6-46D1-A61E-77BFF395439D}.Release|Mixed Platforms.ActiveCfg = Release|Any CPU
		{BC92B8A2-29E6-46D1-A61E-77BFF395439D}.Release|Mixed Platforms.Build.0 = Release|Any CPU
		{BC92B8A2-29E6-46D1-A61E-77BFF395439D}.Release|x86.ActiveCfg = Release|Any CPU
		{977DF49F-9D2B-4671-94E4-E483CC03D933}.Debug|Any CPU.ActiveCfg = Debug|Any CPU
		{977DF49F-9D2B-4671-94E4-E483CC03D933}.Debug|Any CPU.Build.0 = Debug|Any CPU
		{977DF49F-9D2B-4671-94E4-E483CC03D933}.Debug|Mixed Platforms.ActiveCfg = Debug|Any CPU
		{977DF49F-9D2B-4671-94E4-E483CC03D933}.Debug|Mixed Platforms.Build.0 = Debug|Any CPU
		{977DF49F-9D2B-4671-94E4-E483CC03D933}.Debug|x86.ActiveCfg = Debug|Any CPU
		{977DF49F-9D2B-4671-94E4-E483CC03D933}.DebugLocal|Any CPU.ActiveCfg = Debug|Any CPU
		{977DF49F-9D2B-4671-94E4-E483CC03D933}.DebugLocal|Any CPU.Build.0 = Debug|Any CPU
		{977DF49F-9D2B-4671-94E4-E483CC03D933}.DebugLocal|Mixed Platforms.ActiveCfg = Debug|Any CPU
		{977DF49F-9D2B-4671-94E4-E483CC03D933}.DebugLocal|Mixed Platforms.Build.0 = Debug|Any CPU
		{977DF49F-9D2B-4671-94E4-E483CC03D933}.DebugLocal|x86.ActiveCfg = Debug|Any CPU
		{977DF49F-9D2B-4671-94E4-E483CC03D933}.Production|Any CPU.ActiveCfg = Release|Any CPU
		{977DF49F-9D2B-4671-94E4-E483CC03D933}.Production|Any CPU.Build.0 = Release|Any CPU
		{977DF49F-9D2B-4671-94E4-E483CC03D933}.Production|Mixed Platforms.ActiveCfg = Release|Any CPU
		{977DF49F-9D2B-4671-94E4-E483CC03D933}.Production|Mixed Platforms.Build.0 = Release|Any CPU
		{977DF49F-9D2B-4671-94E4-E483CC03D933}.Production|x86.ActiveCfg = Release|Any CPU
		{977DF49F-9D2B-4671-94E4-E483CC03D933}.Release|Any CPU.ActiveCfg = Release|Any CPU
		{977DF49F-9D2B-4671-94E4-E483CC03D933}.Release|Any CPU.Build.0 = Release|Any CPU
		{977DF49F-9D2B-4671-94E4-E483CC03D933}.Release|Mixed Platforms.ActiveCfg = Release|Any CPU
		{977DF49F-9D2B-4671-94E4-E483CC03D933}.Release|Mixed Platforms.Build.0 = Release|Any CPU
		{977DF49F-9D2B-4671-94E4-E483CC03D933}.Release|x86.ActiveCfg = Release|Any CPU
		{C205AC5B-1FF7-434F-9DD7-E40C16EABCC3}.Debug|Any CPU.ActiveCfg = Debug|Any CPU
		{C205AC5B-1FF7-434F-9DD7-E40C16EABCC3}.Debug|Any CPU.Build.0 = Debug|Any CPU
		{C205AC5B-1FF7-434F-9DD7-E40C16EABCC3}.Debug|Mixed Platforms.ActiveCfg = Debug|Any CPU
		{C205AC5B-1FF7-434F-9DD7-E40C16EABCC3}.Debug|Mixed Platforms.Build.0 = Debug|Any CPU
		{C205AC5B-1FF7-434F-9DD7-E40C16EABCC3}.Debug|x86.ActiveCfg = Debug|Any CPU
		{C205AC5B-1FF7-434F-9DD7-E40C16EABCC3}.DebugLocal|Any CPU.ActiveCfg = Debug|Any CPU
		{C205AC5B-1FF7-434F-9DD7-E40C16EABCC3}.DebugLocal|Any CPU.Build.0 = Debug|Any CPU
		{C205AC5B-1FF7-434F-9DD7-E40C16EABCC3}.DebugLocal|Mixed Platforms.ActiveCfg = Debug|Any CPU
		{C205AC5B-1FF7-434F-9DD7-E40C16EABCC3}.DebugLocal|Mixed Platforms.Build.0 = Debug|Any CPU
		{C205AC5B-1FF7-434F-9DD7-E40C16EABCC3}.DebugLocal|x86.ActiveCfg = Debug|Any CPU
		{C205AC5B-1FF7-434F-9DD7-E40C16EABCC3}.Production|Any CPU.ActiveCfg = Release|Any CPU
		{C205AC5B-1FF7-434F-9DD7-E40C16EABCC3}.Production|Any CPU.Build.0 = Release|Any CPU
		{C205AC5B-1FF7-434F-9DD7-E40C16EABCC3}.Production|Mixed Platforms.ActiveCfg = Release|Any CPU
		{C205AC5B-1FF7-434F-9DD7-E40C16EABCC3}.Production|Mixed Platforms.Build.0 = Release|Any CPU
		{C205AC5B-1FF7-434F-9DD7-E40C16EABCC3}.Production|x86.ActiveCfg = Release|Any CPU
		{C205AC5B-1FF7-434F-9DD7-E40C16EABCC3}.Release|Any CPU.ActiveCfg = Release|Any CPU
		{C205AC5B-1FF7-434F-9DD7-E40C16EABCC3}.Release|Any CPU.Build.0 = Release|Any CPU
		{C205AC5B-1FF7-434F-9DD7-E40C16EABCC3}.Release|Mixed Platforms.ActiveCfg = Release|Any CPU
		{C205AC5B-1FF7-434F-9DD7-E40C16EABCC3}.Release|Mixed Platforms.Build.0 = Release|Any CPU
		{C205AC5B-1FF7-434F-9DD7-E40C16EABCC3}.Release|x86.ActiveCfg = Release|Any CPU
		{5A0DA990-F31C-463E-B58F-1E6BF1996234}.Debug|Any CPU.ActiveCfg = Debug|Any CPU
		{5A0DA990-F31C-463E-B58F-1E6BF1996234}.Debug|Any CPU.Build.0 = Debug|Any CPU
		{5A0DA990-F31C-463E-B58F-1E6BF1996234}.Debug|Mixed Platforms.ActiveCfg = Debug|Any CPU
		{5A0DA990-F31C-463E-B58F-1E6BF1996234}.Debug|Mixed Platforms.Build.0 = Debug|Any CPU
		{5A0DA990-F31C-463E-B58F-1E6BF1996234}.Debug|x86.ActiveCfg = Debug|Any CPU
		{5A0DA990-F31C-463E-B58F-1E6BF1996234}.DebugLocal|Any CPU.ActiveCfg = Debug|Any CPU
		{5A0DA990-F31C-463E-B58F-1E6BF1996234}.DebugLocal|Any CPU.Build.0 = Debug|Any CPU
		{5A0DA990-F31C-463E-B58F-1E6BF1996234}.DebugLocal|Mixed Platforms.ActiveCfg = Debug|Any CPU
		{5A0DA990-F31C-463E-B58F-1E6BF1996234}.DebugLocal|Mixed Platforms.Build.0 = Debug|Any CPU
		{5A0DA990-F31C-463E-B58F-1E6BF1996234}.DebugLocal|x86.ActiveCfg = Debug|Any CPU
		{5A0DA990-F31C-463E-B58F-1E6BF1996234}.Production|Any CPU.ActiveCfg = Release|Any CPU
		{5A0DA990-F31C-463E-B58F-1E6BF1996234}.Production|Any CPU.Build.0 = Release|Any CPU
		{5A0DA990-F31C-463E-B58F-1E6BF1996234}.Production|Mixed Platforms.ActiveCfg = Release|Any CPU
		{5A0DA990-F31C-463E-B58F-1E6BF1996234}.Production|Mixed Platforms.Build.0 = Release|Any CPU
		{5A0DA990-F31C-463E-B58F-1E6BF1996234}.Production|x86.ActiveCfg = Release|Any CPU
		{5A0DA990-F31C-463E-B58F-1E6BF1996234}.Release|Any CPU.ActiveCfg = Release|Any CPU
		{5A0DA990-F31C-463E-B58F-1E6BF1996234}.Release|Any CPU.Build.0 = Release|Any CPU
		{5A0DA990-F31C-463E-B58F-1E6BF1996234}.Release|Mixed Platforms.ActiveCfg = Release|Any CPU
		{5A0DA990-F31C-463E-B58F-1E6BF1996234}.Release|Mixed Platforms.Build.0 = Release|Any CPU
		{5A0DA990-F31C-463E-B58F-1E6BF1996234}.Release|x86.ActiveCfg = Release|Any CPU
		{8274354A-C71C-48E3-8368-F9DC6620A92D}.Debug|Any CPU.ActiveCfg = Debug|x86
		{8274354A-C71C-48E3-8368-F9DC6620A92D}.Debug|Mixed Platforms.ActiveCfg = Debug|x86
		{8274354A-C71C-48E3-8368-F9DC6620A92D}.Debug|Mixed Platforms.Build.0 = Debug|x86
		{8274354A-C71C-48E3-8368-F9DC6620A92D}.Debug|x86.ActiveCfg = Debug|x86
		{8274354A-C71C-48E3-8368-F9DC6620A92D}.Debug|x86.Build.0 = Debug|x86
		{8274354A-C71C-48E3-8368-F9DC6620A92D}.DebugLocal|Any CPU.ActiveCfg = Debug|x86
		{8274354A-C71C-48E3-8368-F9DC6620A92D}.DebugLocal|Mixed Platforms.ActiveCfg = Debug|x86
		{8274354A-C71C-48E3-8368-F9DC6620A92D}.DebugLocal|Mixed Platforms.Build.0 = Debug|x86
		{8274354A-C71C-48E3-8368-F9DC6620A92D}.DebugLocal|x86.ActiveCfg = Debug|x86
		{8274354A-C71C-48E3-8368-F9DC6620A92D}.DebugLocal|x86.Build.0 = Debug|x86
		{8274354A-C71C-48E3-8368-F9DC6620A92D}.Production|Any CPU.ActiveCfg = Release|x86
		{8274354A-C71C-48E3-8368-F9DC6620A92D}.Production|Mixed Platforms.ActiveCfg = Release|x86
		{8274354A-C71C-48E3-8368-F9DC6620A92D}.Production|Mixed Platforms.Build.0 = Release|x86
		{8274354A-C71C-48E3-8368-F9DC6620A92D}.Production|x86.ActiveCfg = Release|x86
		{8274354A-C71C-48E3-8368-F9DC6620A92D}.Production|x86.Build.0 = Release|x86
		{8274354A-C71C-48E3-8368-F9DC6620A92D}.Release|Any CPU.ActiveCfg = Release|x86
		{8274354A-C71C-48E3-8368-F9DC6620A92D}.Release|Mixed Platforms.ActiveCfg = Release|x86
		{8274354A-C71C-48E3-8368-F9DC6620A92D}.Release|Mixed Platforms.Build.0 = Release|x86
		{8274354A-C71C-48E3-8368-F9DC6620A92D}.Release|x86.ActiveCfg = Release|x86
		{8274354A-C71C-48E3-8368-F9DC6620A92D}.Release|x86.Build.0 = Release|x86
		{BAFC66B7-6BE8-4CC3-AFFA-811DEBF38C4F}.Debug|Any CPU.ActiveCfg = Debug|Any CPU
		{BAFC66B7-6BE8-4CC3-AFFA-811DEBF38C4F}.Debug|Any CPU.Build.0 = Debug|Any CPU
		{BAFC66B7-6BE8-4CC3-AFFA-811DEBF38C4F}.Debug|Mixed Platforms.ActiveCfg = Debug|Any CPU
		{BAFC66B7-6BE8-4CC3-AFFA-811DEBF38C4F}.Debug|Mixed Platforms.Build.0 = Debug|Any CPU
		{BAFC66B7-6BE8-4CC3-AFFA-811DEBF38C4F}.Debug|x86.ActiveCfg = Debug|Any CPU
		{BAFC66B7-6BE8-4CC3-AFFA-811DEBF38C4F}.DebugLocal|Any CPU.ActiveCfg = Debug|Any CPU
		{BAFC66B7-6BE8-4CC3-AFFA-811DEBF38C4F}.DebugLocal|Any CPU.Build.0 = Debug|Any CPU
		{BAFC66B7-6BE8-4CC3-AFFA-811DEBF38C4F}.DebugLocal|Mixed Platforms.ActiveCfg = Debug|Any CPU
		{BAFC66B7-6BE8-4CC3-AFFA-811DEBF38C4F}.DebugLocal|Mixed Platforms.Build.0 = Debug|Any CPU
		{BAFC66B7-6BE8-4CC3-AFFA-811DEBF38C4F}.DebugLocal|x86.ActiveCfg = Debug|Any CPU
		{BAFC66B7-6BE8-4CC3-AFFA-811DEBF38C4F}.Production|Any CPU.ActiveCfg = Release|Any CPU
		{BAFC66B7-6BE8-4CC3-AFFA-811DEBF38C4F}.Production|Any CPU.Build.0 = Release|Any CPU
		{BAFC66B7-6BE8-4CC3-AFFA-811DEBF38C4F}.Production|Mixed Platforms.ActiveCfg = Release|Any CPU
		{BAFC66B7-6BE8-4CC3-AFFA-811DEBF38C4F}.Production|Mixed Platforms.Build.0 = Release|Any CPU
		{BAFC66B7-6BE8-4CC3-AFFA-811DEBF38C4F}.Production|x86.ActiveCfg = Release|Any CPU
		{BAFC66B7-6BE8-4CC3-AFFA-811DEBF38C4F}.Release|Any CPU.ActiveCfg = Release|Any CPU
		{BAFC66B7-6BE8-4CC3-AFFA-811DEBF38C4F}.Release|Any CPU.Build.0 = Release|Any CPU
		{BAFC66B7-6BE8-4CC3-AFFA-811DEBF38C4F}.Release|Mixed Platforms.ActiveCfg = Release|Any CPU
		{BAFC66B7-6BE8-4CC3-AFFA-811DEBF38C4F}.Release|Mixed Platforms.Build.0 = Release|Any CPU
		{BAFC66B7-6BE8-4CC3-AFFA-811DEBF38C4F}.Release|x86.ActiveCfg = Release|Any CPU
		{D1F0156C-34F2-472C-9493-618652BC19BE}.Debug|Any CPU.ActiveCfg = Debug
		{D1F0156C-34F2-472C-9493-618652BC19BE}.Debug|Any CPU.Build.0 = Debug
		{D1F0156C-34F2-472C-9493-618652BC19BE}.Debug|Any CPU.Deploy.0 = Debug
		{D1F0156C-34F2-472C-9493-618652BC19BE}.Debug|Mixed Platforms.ActiveCfg = Debug
		{D1F0156C-34F2-472C-9493-618652BC19BE}.Debug|Mixed Platforms.Build.0 = Debug
		{D1F0156C-34F2-472C-9493-618652BC19BE}.Debug|Mixed Platforms.Deploy.0 = Debug
		{D1F0156C-34F2-472C-9493-618652BC19BE}.Debug|x86.ActiveCfg = Debug
		{D1F0156C-34F2-472C-9493-618652BC19BE}.Debug|x86.Build.0 = Debug
		{D1F0156C-34F2-472C-9493-618652BC19BE}.Debug|x86.Deploy.0 = Debug
		{D1F0156C-34F2-472C-9493-618652BC19BE}.DebugLocal|Any CPU.ActiveCfg = DebugLocal
		{D1F0156C-34F2-472C-9493-618652BC19BE}.DebugLocal|Any CPU.Build.0 = DebugLocal
		{D1F0156C-34F2-472C-9493-618652BC19BE}.DebugLocal|Any CPU.Deploy.0 = DebugLocal
		{D1F0156C-34F2-472C-9493-618652BC19BE}.DebugLocal|Mixed Platforms.ActiveCfg = DebugLocal
		{D1F0156C-34F2-472C-9493-618652BC19BE}.DebugLocal|Mixed Platforms.Build.0 = DebugLocal
		{D1F0156C-34F2-472C-9493-618652BC19BE}.DebugLocal|Mixed Platforms.Deploy.0 = DebugLocal
		{D1F0156C-34F2-472C-9493-618652BC19BE}.DebugLocal|x86.ActiveCfg = DebugLocal
		{D1F0156C-34F2-472C-9493-618652BC19BE}.DebugLocal|x86.Build.0 = DebugLocal
		{D1F0156C-34F2-472C-9493-618652BC19BE}.DebugLocal|x86.Deploy.0 = DebugLocal
		{D1F0156C-34F2-472C-9493-618652BC19BE}.Production|Any CPU.ActiveCfg = Production
		{D1F0156C-34F2-472C-9493-618652BC19BE}.Production|Any CPU.Build.0 = Production
		{D1F0156C-34F2-472C-9493-618652BC19BE}.Production|Any CPU.Deploy.0 = Production
		{D1F0156C-34F2-472C-9493-618652BC19BE}.Production|Mixed Platforms.ActiveCfg = Production
		{D1F0156C-34F2-472C-9493-618652BC19BE}.Production|Mixed Platforms.Build.0 = Production
		{D1F0156C-34F2-472C-9493-618652BC19BE}.Production|Mixed Platforms.Deploy.0 = Production
		{D1F0156C-34F2-472C-9493-618652BC19BE}.Production|x86.ActiveCfg = Production
		{D1F0156C-34F2-472C-9493-618652BC19BE}.Production|x86.Build.0 = Production
		{D1F0156C-34F2-472C-9493-618652BC19BE}.Production|x86.Deploy.0 = Production
		{D1F0156C-34F2-472C-9493-618652BC19BE}.Release|Any CPU.ActiveCfg = Production
		{D1F0156C-34F2-472C-9493-618652BC19BE}.Release|Any CPU.Build.0 = Production
		{D1F0156C-34F2-472C-9493-618652BC19BE}.Release|Any CPU.Deploy.0 = Production
		{D1F0156C-34F2-472C-9493-618652BC19BE}.Release|Mixed Platforms.ActiveCfg = Production
		{D1F0156C-34F2-472C-9493-618652BC19BE}.Release|Mixed Platforms.Build.0 = Production
		{D1F0156C-34F2-472C-9493-618652BC19BE}.Release|Mixed Platforms.Deploy.0 = Production
		{D1F0156C-34F2-472C-9493-618652BC19BE}.Release|x86.ActiveCfg = Production
		{D1F0156C-34F2-472C-9493-618652BC19BE}.Release|x86.Build.0 = Production
		{D1F0156C-34F2-472C-9493-618652BC19BE}.Release|x86.Deploy.0 = Production
	EndGlobalSection
	GlobalSection(SolutionProperties) = preSolution
		HideSolutionNode = FALSE
	EndGlobalSection
	GlobalSection(ExtensibilityGlobals) = postSolution
		BuildVersion_BuildAction = ReBuild
	EndGlobalSection
	GlobalSection(TestCaseManagementSettings) = postSolution
		CategoryFile = BIMetaDataApp.vsmdi
	EndGlobalSection
EndGlobal
